
Microsoft Visual Studio Solution File, Format Version 12.00
Project("{FAE04EC0-301F-11D3-BF4B-00C04F79EFBC}") = "Network", "Network\Network.csproj", "{AAFD3830-115A-49F4-99E1-4D5F53B49842}"
EndProject
Global
	GlobalSection(SolutionConfigurationPlatforms) = preSolution
		Debug|Any CPU = Debug|Any CPU
		Release|Any CPU = Release|Any CPU
	EndGlobalSection
	GlobalSection(ProjectConfigurationPlatforms) = postSolution
		{AAFD3830-115A-49F4-99E1-4D5F53B49842}.Debug|Any CPU.ActiveCfg = Debug|Any CPU
		{AAFD3830-115A-49F4-99E1-4D5F53B49842}.Debug|Any CPU.Build.0 = Debug|Any CPU
		{AAFD3830-115A-49F4-99E1-4D5F53B49842}.Release|Any CPU.ActiveCfg = Release|Any CPU
		{AAFD3830-115A-49F4-99E1-4D5F53B49842}.Release|Any CPU.Build.0 = Release|Any CPU
	EndGlobalSection
EndGlobal
